
Microsoft Visual Studio Solution File, Format Version 12.00
Project("{FAE04EC0-301F-11D3-BF4B-00C04F79EFBC}") = "VideoDelayWPF", "VideoDelayWPF\VideoDelayWPF.csproj", "{B9EC7F4E-7975-4F68-8BBD-92243088724D}"
EndProject
Project("{FAE04EC0-301F-11D3-BF4B-00C04F79EFBC}") = "WebsocketTest", "WebsocketTest\WebsocketTest.csproj", "{F8C697A0-C3AC-4B7E-AB67-7BC2462BC912}"
EndProject
Global
	GlobalSection(SolutionConfigurationPlatforms) = preSolution
		Debug|Any CPU = Debug|Any CPU
		Release|Any CPU = Release|Any CPU
	EndGlobalSection
	GlobalSection(ProjectConfigurationPlatforms) = postSolution
		{B9EC7F4E-7975-4F68-8BBD-92243088724D}.Debug|Any CPU.ActiveCfg = Debug|Any CPU
		{B9EC7F4E-7975-4F68-8BBD-92243088724D}.Debug|Any CPU.Build.0 = Debug|Any CPU
		{B9EC7F4E-7975-4F68-8BBD-92243088724D}.Release|Any CPU.ActiveCfg = Release|Any CPU
		{B9EC7F4E-7975-4F68-8BBD-92243088724D}.Release|Any CPU.Build.0 = Release|Any CPU
		{F8C697A0-C3AC-4B7E-AB67-7BC2462BC912}.Debug|Any CPU.ActiveCfg = Debug|Any CPU
		{F8C697A0-C3AC-4B7E-AB67-7BC2462BC912}.Debug|Any CPU.Build.0 = Debug|Any CPU
		{F8C697A0-C3AC-4B7E-AB67-7BC2462BC912}.Release|Any CPU.ActiveCfg = Release|Any CPU
		{F8C697A0-C3AC-4B7E-AB67-7BC2462BC912}.Release|Any CPU.Build.0 = Release|Any CPU
	EndGlobalSection
EndGlobal
